{
  "requires": true,
  "lockfileVersion": 1,
  "dependencies": {
    "mui-image": {
      "version": "1.0.4",
      "resolved": "https://registry.npmjs.org/mui-image/-/mui-image-1.0.4.tgz",
      "integrity": "sha512-X2MdelRdzEE8KWCmCpUHEm37VgsfcaEN1+AdOgJ4N1AwGu7RAb7Kf1W7Zgy0XuogVOoC1ULHtuSgjGghEh9NrQ=="
    }
  }
}
